Microsoft Visual Studio Solution File, Format Version 12.00
# Visual Studio Version 17
VisualStudioVersion = 17.5.2.0
MinimumVisualStudioVersion = 10.0.40219.1
Project("{FAE04EC0-301F-11D3-BF4B-00C04F79EFBC}") = "DT-I_Onboarding_Portal.Server", "DT-I_Onboarding_Portal.Server.csproj", "{27337066-4408-7DBC-C5C3-CE6C736130A7}"
EndProject
Global
	GlobalSection(SolutionConfigurationPlatforms) = preSolution
		Debug|Any CPU = Debug|Any CPU
		Release|Any CPU = Release|Any CPU
	EndGlobalSection
	GlobalSection(ProjectConfigurationPlatforms) = postSolution
		{27337066-4408-7DBC-C5C3-CE6C736130A7}.Debug|Any CPU.ActiveCfg = Debug|Any CPU
		{27337066-4408-7DBC-C5C3-CE6C736130A7}.Debug|Any CPU.Build.0 = Debug|Any CPU
		{27337066-4408-7DBC-C5C3-CE6C736130A7}.Release|Any CPU.ActiveCfg = Release|Any CPU
		{27337066-4408-7DBC-C5C3-CE6C736130A7}.Release|Any CPU.Build.0 = Release|Any CPU
	EndGlobalSection
	GlobalSection(SolutionProperties) = preSolution
		HideSolutionNode = FALSE
	EndGlobalSection
	GlobalSection(ExtensibilityGlobals) = postSolution
		SolutionGuid = {2EE32BDA-11BA-4F0E-BCD1-8BE76AB818D0}
	EndGlobalSection
EndGlobal
